// !$*UTF8*$!
{
	archiveVersion = 1;
	classes = {
	};
	objectVersion = 56;
	objects = {

/* Begin PBXBuildFile section */
		83F222382C195F7300B5851F /* AppDelegate.swift in Sources */ = {isa = PBXBuildFile; fileRef = 83F222372C195F7300B5851F /* AppDelegate.swift */; };
		83F2223A2C195F7300B5851F /* SceneDelegate.swift in Sources */ = {isa = PBXBuildFile; fileRef = 83F222392C195F7300B5851F /* SceneDelegate.swift */; };
		83F2223C2C195F7300B5851F /* ViewController.swift in Sources */ = {isa = PBXBuildFile; fileRef = 83F2223B2C195F7300B5851F /* ViewController.swift */; };
		83F2223F2C195F7300B5851F /* Main.storyboard in Resources */ = {isa = PBXBuildFile; fileRef = 83F2223D2C195F7300B5851F /* Main.storyboard */; };
		83F222412C195F7400B5851F /* Assets.xcassets in Resources */ = {isa = PBXBuildFile; fileRef = 83F222402C195F7400B5851F /* Assets.xcassets */; };
		83F222442C195F7400B5851F /* LaunchScreen.storyboard in Resources */ = {isa = PBXBuildFile; fileRef = 83F222422C195F7400B5851F /* LaunchScreen.storyboard */; };
		83F2224C2C19637500B5851F /* CollectionViewCell.swift in Sources */ = {isa = PBXBuildFile; fileRef = 83F2224B2C19637500B5851F /* CollectionViewCell.swift */; };
		83F2224E2C1963DD00B5851F /* DogCollectionViewController.swift in Sources */ = {isa = PBXBuildFile; fileRef = 83F2224D2C1963DD00B5851F /* DogCollectionViewController.swift */; };
		83F222502C19645100B5851F /* DogData.swift in Sources */ = {isa = PBXBuildFile; fileRef = 83F2224F2C19645100B5851F /* DogData.swift */; };
		83F222522C19645D00B5851F /* Struct.swift in Sources */ = {isa = PBXBuildFile; fileRef = 83F222512C19645D00B5851F /* Struct.swift */; };
		83F222542C1967D300B5851F /* DogDetailViewController.swift in Sources */ = {isa = PBXBuildFile; fileRef = 83F222532C1967D300B5851F /* DogDetailViewController.swift */; };
/* End PBXBuildFile section */

/* Begin PBXFileReference section */
		83F222342C195F7300B5851F /* DogAPI2.app */ = {isa = PBXFileReference; explicitFileType = wrapper.application; includeInIndex = 0; path = DogAPI2.app; sourceTree = BUILT_PRODUCTS_DIR; };
		83F222372C195F7300B5851F /* AppDelegate.swift */ = {isa = PBXFileReference; lastKnownFileType = sourcecode.swift; path = AppDelegate.swift; sourceTree = "<group>"; };
		83F222392C195F7300B5851F /* SceneDelegate.swift */ = {isa = PBXFileReference; lastKnownFileType = sourcecode.swift; path = SceneDelegate.swift; sourceTree = "<group>"; };
		83F2223B2C195F7300B5851F /* ViewController.swift */ = {isa = PBXFileReference; lastKnownFileType = sourcecode.swift; path = ViewController.swift; sourceTree = "<group>"; };
		83F2223E2C195F7300B5851F /* Base */ = {isa = PBXFileReference; lastKnownFileType = file.storyboard; name = Base; path = Base.lproj/Main.storyboard; sourceTree = "<group>"; };
		83F222402C195F7400B5851F /* Assets.xcassets */ = {isa = PBXFileReference; lastKnownFileType = folder.assetcatalog; path = Assets.xcassets; sourceTree = "<group>"; };
		83F222432C195F7400B5851F /* Base */ = {isa = PBXFileReference; lastKnownFileType = file.storyboard; name = Base; path = Base.lproj/LaunchScreen.storyboard; sourceTree = "<group>"; };
		83F222452C195F7400B5851F /* Info.plist */ = {isa = PBXFileReference; lastKnownFileType = text.plist.xml; path = Info.plist; sourceTree = "<group>"; };
		83F2224B2C19637500B5851F /* CollectionViewCell.swift */ = {isa = PBXFileReference; lastKnownFileType = sourcecode.swift; path = CollectionViewCell.swift; sourceTree = "<group>"; };
		83F2224D2C1963DD00B5851F /* DogCollectionViewController.swift */ = {isa = PBXFileReference; lastKnownFileType = sourcecode.swift; path = DogCollectionViewController.swift; sourceTree = "<group>"; };
		83F2224F2C19645100B5851F /* DogData.swift */ = {isa = PBXFileReference; lastKnownFileType = sourcecode.swift; path = DogData.swift; sourceTree = "<group>"; };
		83F222512C19645D00B5851F /* Struct.swift */ = {isa = PBXFileReference; lastKnownFileType = sourcecode.swift; path = Struct.swift; sourceTree = "<group>"; };
		83F222532C1967D300B5851F /* DogDetailViewController.swift */ = {isa = PBXFileReference; lastKnownFileType = sourcecode.swift; path = DogDetailViewController.swift; sourceTree = "<group>"; };
/* End PBXFileReference section */

/* Begin PBXFrameworksBuildPhase section */
		83F222312C195F7300B5851F /* Frameworks */ = {
			isa = PBXFrameworksBuildPhase;
			buildActionMask = 2147483647;
			files = (
			);
			runOnlyForDeploymentPostprocessing = 0;
		};
/* End PBXFrameworksBuildPhase section */

/* Begin PBXGroup section */
		83F2222B2C195F7300B5851F = {
			isa = PBXGroup;
			children = (
				83F222532C1967D300B5851F /* DogDetailViewController.swift */,
				83F222362C195F7300B5851F /* DogAPI2 */,
				83F222352C195F7300B5851F /* Products */,
			);
			sourceTree = "<group>";
		};
		83F222352C195F7300B5851F /* Products */ = {
			isa = PBXGroup;
			children = (
				83F222342C195F7300B5851F /* DogAPI2.app */,
			);
			name = Products;
			sourceTree = "<group>";
		};
		83F222362C195F7300B5851F /* DogAPI2 */ = {
			isa = PBXGroup;
			children = (
				83F222372C195F7300B5851F /* AppDelegate.swift */,
				83F222392C195F7300B5851F /* SceneDelegate.swift */,
				83F2223B2C195F7300B5851F /* ViewController.swift */,
				83F2223D2C195F7300B5851F /* Main.storyboard */,
				83F2224F2C19645100B5851F /* DogData.swift */,
				83F222512C19645D00B5851F /* Struct.swift */,
				83F2224D2C1963DD00B5851F /* DogCollectionViewController.swift */,
				83F2224B2C19637500B5851F /* CollectionViewCell.swift */,
				83F222402C195F7400B5851F /* Assets.xcassets */,
				83F222422C195F7400B5851F /* LaunchScreen.storyboard */,
				83F222452C195F7400B5851F /* Info.plist */,
			);
			path = DogAPI2;
			sourceTree = "<group>";
		};
/* End PBXGroup section */

/* Begin PBXNativeTarget section */
		83F222332C195F7300B5851F /* DogAPI2 */ = {
			isa = PBXNativeTarget;
			buildConfigurationList = 83F222482C195F7400B5851F /* Build configuration list for PBXNativeTarget "DogAPI2" */;
			buildPhases = (
				83F222302C195F7300B5851F /* Sources */,
				83F222312C195F7300B5851F /* Frameworks */,
				83F222322C195F7300B5851F /* Resources */,
			);
			buildRules = (
			);
			dependencies = (
			);
			name = DogAPI2;
			productName = DogAPI2;
			productReference = 83F222342C195F7300B5851F /* DogAPI2.app */;
			productType = "com.apple.product-type.application";
		};
/* End PBXNativeTarget section */

/* Begin PBXProject section */
		83F2222C2C195F7300B5851F /* Project object */ = {
			isa = PBXProject;
			attributes = {
				BuildIndependentTargetsInParallel = 1;
				LastSwiftUpdateCheck = 1430;
				LastUpgradeCheck = 1430;
				TargetAttributes = {
					83F222332C195F7300B5851F = {
						CreatedOnToolsVersion = 14.3.1;
					};
				};
			};
			buildConfigurationList = 83F2222F2C195F7300B5851F /* Build configuration list for PBXProject "DogAPI2" */;
			compatibilityVersion = "Xcode 14.0";
			developmentRegion = en;
			hasScannedForEncodings = 0;
			knownRegions = (
				en,
				Base,
			);
			mainGroup = 83F2222B2C195F7300B5851F;
			productRefGroup = 83F222352C195F7300B5851F /* Products */;
			projectDirPath = "";
			projectRoot = "";
			targets = (
				83F222332C195F7300B5851F /* DogAPI2 */,
			);
		};
/* End PBXProject section */

/* Begin PBXResourcesBuildPhase section */
		83F222322C195F7300B5851F /* Resources */ = {
			isa = PBXResourcesBuildPhase;
			buildActionMask = 2147483647;
			files = (
				83F222442C195F7400B5851F /* LaunchScreen.storyboard in Resources */,
				83F222412C195F7400B5851F /* Assets.xcassets in Resources */,
				83F2223F2C195F7300B5851F /* Main.storyboard in Resources */,
			);
			runOnlyForDeploymentPostprocessing = 0;
		};
/* End PBXResourcesBuildPhase section */

/* Begin PBXSourcesBuildPhase section */
		83F222302C195F7300B5851F /* Sources */ = {
			isa = PBXSourcesBuildPhase;
			buildActionMask = 2147483647;
			files = (
				83F2223C2C195F7300B5851F /* ViewController.swift in Sources */,
				83F222382C195F7300B5851F /* AppDelegate.swift in Sources */,
				83F2224C2C19637500B5851F /* CollectionViewCell.swift in Sources */,
				83F2223A2C195F7300B5851F /* SceneDelegate.swift in Sources */,
				83F222542C1967D300B5851F /* DogDetailViewController.swift in Sources */,
				83F222502C19645100B5851F /* DogData.swift in Sources */,
				83F222522C19645D00B5851F /* Struct.swift in Sources */,
				83F2224E2C1963DD00B5851F /* DogCollectionViewController.swift in Sources */,
			);
			runOnlyForDeploymentPostprocessing = 0;
		};
/* End PBXSourcesBuildPhase section */

/* Begin PBXVariantGroup section */
		83F2223D2C195F7300B5851F /* Main.storyboard */ = {
			isa = PBXVariantGroup;
			children = (
				83F2223E2C195F7300B5851F /* Base */,
			);
			name = Main.storyboard;
			sourceTree = "<group>";
		};
		83F222422C195F7400B5851F /* LaunchScreen.storyboard */ = {
			isa = PBXVariantGroup;
			children = (
				83F222432C195F7400B5851F /* Base */,
			);
			name = LaunchScreen.storyboard;
			sourceTree = "<group>";
		};
/* End PBXVariantGroup section */

/* Begin XCBuildConfiguration section */
		83F222462C195F7400B5851F /* Debug */ = {
			isa = XCBuildConfiguration;
			buildSettings = {
				ALWAYS_SEARCH_USER_PATHS = NO;
				CLANG_ANALYZER_NONNULL = YES;
				CLANG_ANALYZER_NUMBER_OBJECT_CONVERSION = YES_AGGRESSIVE;
				CLANG_CXX_LANGUAGE_STANDARD = "gnu++20";
				CLANG_ENABLE_MODULES = YES;
				CLANG_ENABLE_OBJC_ARC = YES;
				CLANG_ENABLE_OBJC_WEAK = YES;
				CLANG_WARN_BLOCK_CAPTURE_AUTORELEASING = YES;
				CLANG_WARN_BOOL_CONVERSION = YES;
				CLANG_WARN_COMMA = YES;
				CLANG_WARN_CONSTANT_CONVERSION = YES;
				CLANG_WARN_DEPRECATED_OBJC_IMPLEMENTATIONS = YES;
				CLANG_WARN_DIRECT_OBJC_ISA_USAGE = YES_ERROR;
				CLANG_WARN_DOCUMENTATION_COMMENTS = YES;
				CLANG_WARN_EMPTY_BODY = YES;
				CLANG_WARN_ENUM_CONVERSION = YES;
				CLANG_WARN_INFINITE_RECURSION = YES;
				CLANG_WARN_INT_CONVERSION = YES;
				CLANG_WARN_NON_LITERAL_NULL_CONVERSION = YES;
				CLANG_WARN_OBJC_IMPLICIT_RETAIN_SELF = YES;
				CLANG_WARN_OBJC_LITERAL_CONVERSION = YES;
				CLANG_WARN_OBJC_ROOT_CLASS = YES_ERROR;
				CLANG_WARN_QUOTED_INCLUDE_IN_FRAMEWORK_HEADER = YES;
				CLANG_WARN_RANGE_LOOP_ANALYSIS = YES;
				CLANG_WARN_STRICT_PROTOTYPES = YES;
				CLANG_WARN_SUSPICIOUS_MOVE = YES;
				CLANG_WARN_UNGUARDED_AVAILABILITY = YES_AGGRESSIVE;
				CLANG_WARN_UNREACHABLE_CODE = YES;
				CLANG_WARN__DUPLICATE_METHOD_MATCH = YES;
				COPY_PHASE_STRIP = NO;
				DEBUG_INFORMATION_FORMAT = dwarf;
				ENABLE_STRICT_OBJC_MSGSEND = YES;
				ENABLE_TESTABILITY = YES;
				GCC_C_LANGUAGE_STANDARD = gnu11;
				GCC_DYNAMIC_NO_PIC = NO;
				GCC_NO_COMMON_BLOCKS = YES;
				GCC_OPTIMIZATION_LEVEL = 0;
				GCC_PREPROCESSOR_DEFINITIONS = (
					"DEBUG=1",
					"$(inherited)",
				);
				GCC_WARN_64_TO_32_BIT_CONVERSION = YES;
				GCC_WARN_ABOUT_RETURN_TYPE = YES_ERROR;
				GCC_WARN_UNDECLARED_SELECTOR = YES;
				GCC_WARN_UNINITIALIZED_AUTOS = YES_AGGRESSIVE;
				GCC_WARN_UNUSED_FUNCTION = YES;
				GCC_WARN_UNUSED_VARIABLE = YES;
				IPHONEOS_DEPLOYMENT_TARGET = 16.4;
				MTL_ENABLE_DEBUG_INFO = INCLUDE_SOURCE;
				MTL_FAST_MATH = YES;
				ONLY_ACTIVE_ARCH = YES;
				SDKROOT = iphoneos;
				SWIFT_ACTIVE_COMPILATION_CONDITIONS = DEBUG;
				SWIFT_OPTIMIZATION_LEVEL = "-Onone";
			};
			name = Debug;
		};
		83F222472C195F7400B5851F /* Release */ = {
			isa = XCBuildConfiguration;
			buildSettings = {
				ALWAYS_SEARCH_USER_PATHS = NO;
				CLANG_ANALYZER_NONNULL = YES;
				CLANG_ANALYZER_NUMBER_OBJECT_CONVERSION = YES_AGGRESSIVE;
				CLANG_CXX_LANGUAGE_STANDARD = "gnu++20";
				CLANG_ENABLE_MODULES = YES;
				CLANG_ENABLE_OBJC_ARC = YES;
				CLANG_ENABLE_OBJC_WEAK = YES;
				CLANG_WARN_BLOCK_CAPTURE_AUTORELEASING = YES;
				CLANG_WARN_BOOL_CONVERSION = YES;
				CLANG_WARN_COMMA = YES;
				CLANG_WARN_CONSTANT_CONVERSION = YES;
				CLANG_WARN_DEPRECATED_OBJC_IMPLEMENTATIONS = YES;
				CLANG_WARN_DIRECT_OBJC_ISA_USAGE = YES_ERROR;
				CLANG_WARN_DOCUMENTATION_COMMENTS = YES;
				CLANG_WARN_EMPTY_BODY = YES;
				CLANG_WARN_ENUM_CONVERSION = YES;
				CLANG_WARN_INFINITE_RECURSION = YES;
				CLANG_WARN_INT_CONVERSION = YES;
				CLANG_WARN_NON_LITERAL_NULL_CONVERSION = YES;
				CLANG_WARN_OBJC_IMPLICIT_RETAIN_SELF = YES;
				CLANG_WARN_OBJC_LITERAL_CONVERSION = YES;
				CLANG_WARN_OBJC_ROOT_CLASS = YES_ERROR;
				CLANG_WARN_QUOTED_INCLUDE_IN_FRAMEWORK_HEADER = YES;
				CLANG_WARN_RANGE_LOOP_ANALYSIS = YES;
				CLANG_WARN_STRICT_PROTOTYPES = YES;
				CLANG_WARN_SUSPICIOUS_MOVE = YES;
				CLANG_WARN_UNGUARDED_AVAILABILITY = YES_AGGRESSIVE;
				CLANG_WARN_UNREACHABLE_CODE = YES;
				CLANG_WARN__DUPLICATE_METHOD_MATCH = YES;
				COPY_PHASE_STRIP = NO;
				DEBUG_INFORMATION_FORMAT = "dwarf-with-dsym";
				ENABLE_NS_ASSERTIONS = NO;
				ENABLE_STRICT_OBJC_MSGSEND = YES;
				GCC_C_LANGUAGE_STANDARD = gnu11;
				GCC_NO_COMMON_BLOCKS = YES;
				GCC_WARN_64_TO_32_BIT_CONVERSION = YES;
				GCC_WARN_ABOUT_RETURN_TYPE = YES_ERROR;
				GCC_WARN_UNDECLARED_SELECTOR = YES;
				GCC_WARN_UNINITIALIZED_AUTOS = YES_AGGRESSIVE;
				GCC_WARN_UNUSED_FUNCTION = YES;
				GCC_WARN_UNUSED_VARIABLE = YES;
				IPHONEOS_DEPLOYMENT_TARGET = 16.4;
				MTL_ENABLE_DEBUG_INFO = NO;
				MTL_FAST_MATH = YES;
				SDKROOT = iphoneos;
				SWIFT_COMPILATION_MODE = wholemodule;
				SWIFT_OPTIMIZATION_LEVEL = "-O";
				VALIDATE_PRODUCT = YES;
			};
			name = Release;
		};
		83F222492C195F7400B5851F /* Debug */ = {
			isa = XCBuildConfiguration;
			buildSettings = {
				ASSETCATALOG_COMPILER_APPICON_NAME = AppIcon;
				ASSETCATALOG_COMPILER_GLOBAL_ACCENT_COLOR_NAME = AccentColor;
				CODE_SIGN_STYLE = Automatic;
				CURRENT_PROJECT_VERSION = 1;
				GENERATE_INFOPLIST_FILE = YES;
				INFOPLIST_FILE = DogAPI2/Info.plist;
				INFOPLIST_KEY_UIApplicationSupportsIndirectInputEvents = YES;
				INFOPLIST_KEY_UILaunchStoryboardName = LaunchScreen;
				INFOPLIST_KEY_UIMainStoryboardFile = Main;
				INFOPLIST_KEY_UISupportedInterfaceOrientations_iPad = "UIInterfaceOrientationPortrait UIInterfaceOrientationPortraitUpsideDown UIInterfaceOrientationLandscapeLeft UIInterfaceOrientationLandscapeRight";
				INFOPLIST_KEY_UISupportedInterfaceOrientations_iPhone = "UIInterfaceOrientationPortrait UIInterfaceOrientationLandscapeLeft UIInterfaceOrientationLandscapeRight";
				LD_RUNPATH_SEARCH_PATHS = (
					"$(inherited)",
					"@executable_path/Frameworks",
				);
				MARKETING_VERSION = 1.0;
				PRODUCT_BUNDLE_IDENTIFIER = "Oguchi-Haruka.DogAPI2";
				PRODUCT_NAME = "$(TARGET_NAME)";
				SWIFT_EMIT_LOC_STRINGS = YES;
				SWIFT_VERSION = 5.0;
				TARGETED_DEVICE_FAMILY = "1,2";
			};
			name = Debug;
		};
		83F2224A2C195F7400B5851F /* Release */ = {
			isa = XCBuildConfiguration;
			buildSettings = {
				ASSETCATALOG_COMPILER_APPICON_NAME = AppIcon;
				ASSETCATALOG_COMPILER_GLOBAL_ACCENT_COLOR_NAME = AccentColor;
				CODE_SIGN_STYLE = Automatic;
				CURRENT_PROJECT_VERSION = 1;
				GENERATE_INFOPLIST_FILE = YES;
				INFOPLIST_FILE = DogAPI2/Info.plist;
				INFOPLIST_KEY_UIApplicationSupportsIndirectInputEvents = YES;
				INFOPLIST_KEY_UILaunchStoryboardName = LaunchScreen;
				INFOPLIST_KEY_UIMainStoryboardFile = Main;
				INFOPLIST_KEY_UISupportedInterfaceOrientations_iPad = "UIInterfaceOrientationPortrait UIInterfaceOrientationPortraitUpsideDown UIInterfaceOrientationLandscapeLeft UIInterfaceOrientationLandscapeRight";
				INFOPLIST_KEY_UISupportedInterfaceOrientations_iPhone = "UIInterfaceOrientationPortrait UIInterfaceOrientationLandscapeLeft UIInterfaceOrientationLandscapeRight";
				LD_RUNPATH_SEARCH_PATHS = (
					"$(inherited)",
					"@executable_path/Frameworks",
				);
				MARKETING_VERSION = 1.0;
				PRODUCT_BUNDLE_IDENTIFIER = "Oguchi-Haruka.DogAPI2";
				PRODUCT_NAME = "$(TARGET_NAME)";
				SWIFT_EMIT_LOC_STRINGS = YES;
				SWIFT_VERSION = 5.0;
				TARGETED_DEVICE_FAMILY = "1,2";
			};
			name = Release;
		};
/* End XCBuildConfiguration section */

/* Begin XCConfigurationList section */
		83F2222F2C195F7300B5851F /* Build configuration list for PBXProject "DogAPI2" */ = {
			isa = XCConfigurationList;
			buildConfigurations = (
				83F222462C195F7400B5851F /* Debug */,
				83F222472C195F7400B5851F /* Release */,
			);
			defaultConfigurationIsVisible = 0;
			defaultConfigurationName = Release;
		};
		83F222482C195F7400B5851F /* Build configuration list for PBXNativeTarget "DogAPI2" */ = {
			isa = XCConfigurationList;
			buildConfigurations = (
				83F222492C195F7400B5851F /* Debug */,
				83F2224A2C195F7400B5851F /* Release */,
			);
			defaultConfigurationIsVisible = 0;
			defaultConfigurationName = Release;
		};
/* End XCConfigurationList section */
	};
	rootObject = 83F2222C2C195F7300B5851F /* Project object */;
}
